
Microsoft Visual Studio Solution File, Format Version 12.00
# Visual Studio 15
VisualStudioVersion = 15.0.28010.2036
MinimumVisualStudioVersion = 10.0.40219.1
Project("{FAE04EC0-301F-11D3-BF4B-00C04F79EFBC}") = "Graphy", "Graphy\Graphy.csproj", "{286CBF3A-9A02-4944-AA38-79767D2366AA}"
EndProject
Global
	GlobalSection(SolutionConfigurationPlatforms) = preSolution
		Debug|Any CPU = Debug|Any CPU
		Release|Any CPU = Release|Any CPU
	EndGlobalSection
	GlobalSection(ProjectConfigurationPlatforms) = postSolution
		{286CBF3A-9A02-4944-AA38-79767D2366AA}.Debug|Any CPU.ActiveCfg = Debug|Any CPU
		{286CBF3A-9A02-4944-AA38-79767D2366AA}.Debug|Any CPU.Build.0 = Debug|Any CPU
		{286CBF3A-9A02-4944-AA38-79767D2366AA}.Release|Any CPU.ActiveCfg = Release|Any CPU
		{286CBF3A-9A02-4944-AA38-79767D2366AA}.Release|Any CPU.Build.0 = Release|Any CPU
	EndGlobalSection
	GlobalSection(SolutionProperties) = preSolution
		HideSolutionNode = FALSE
	EndGlobalSection
	GlobalSection(ExtensibilityGlobals) = postSolution
		SolutionGuid = {BF3F6702-13AE-4B7B-BE72-1437A3668CB3}
	EndGlobalSection
EndGlobal
